
Microsoft Visual Studio Solution File, Format Version 12.00
# Visual Studio Version 17
VisualStudioVersion = 17.0.31903.59
MinimumVisualStudioVersion = 10.0.40219.1
Project("{9A19103F-16F7-4668-BE54-9A1E7A4F7556}") = "PSC.Blazor.Components.DataTable", "PSC.Blazor.Components.DataTable\PSC.Blazor.Components.DataTable.csproj", "{7E593028-25E5-467D-B5B5-73A6866824AA}"
EndProject
Project("{9A19103F-16F7-4668-BE54-9A1E7A4F7556}") = "PSC.Blazor.Examples", "..\PSC.Blazor.Examples\PSC.Blazor.Examples.csproj", "{A9C6D97E-ECF0-42E7-AB83-E26A2E7406B1}"
EndProject
Global
	GlobalSection(SolutionConfigurationPlatforms) = preSolution
		Debug|Any CPU = Debug|Any CPU
		Release|Any CPU = Release|Any CPU
	EndGlobalSection
	GlobalSection(ProjectConfigurationPlatforms) = postSolution
		{7E593028-25E5-467D-B5B5-73A6866824AA}.Debug|Any CPU.ActiveCfg = Debug|Any CPU
		{7E593028-25E5-467D-B5B5-73A6866824AA}.Debug|Any CPU.Build.0 = Debug|Any CPU
		{7E593028-25E5-467D-B5B5-73A6866824AA}.Release|Any CPU.ActiveCfg = Release|Any CPU
		{7E593028-25E5-467D-B5B5-73A6866824AA}.Release|Any CPU.Build.0 = Release|Any CPU
		{A9C6D97E-ECF0-42E7-AB83-E26A2E7406B1}.Debug|Any CPU.ActiveCfg = Debug|Any CPU
		{A9C6D97E-ECF0-42E7-AB83-E26A2E7406B1}.Debug|Any CPU.Build.0 = Debug|Any CPU
		{A9C6D97E-ECF0-42E7-AB83-E26A2E7406B1}.Release|Any CPU.ActiveCfg = Release|Any CPU
		{A9C6D97E-ECF0-42E7-AB83-E26A2E7406B1}.Release|Any CPU.Build.0 = Release|Any CPU
	EndGlobalSection
	GlobalSection(SolutionProperties) = preSolution
		HideSolutionNode = FALSE
	EndGlobalSection
	GlobalSection(ExtensibilityGlobals) = postSolution
		SolutionGuid = {A12BB176-15CF-4A4A-B164-4D9CAB51A735}
	EndGlobalSection
EndGlobal
